// !$*UTF8*$!
{
	archiveVersion = 1;
	classes = {
	};
	objectVersion = 50;
	objects = {

/* Begin PBXBuildFile section */
		7DC9D21532AF5B58A8FB7B12 /* Pods_FoxCast.framework in Frameworks */ = {isa = PBXBuildFile; fileRef = 46BFDA6DA3E19656158CB6AD /* Pods_FoxCast.framework */; };
		807BAE572203515E000FA3D5 /* GridCollectionCell.swift in Sources */ = {isa = PBXBuildFile; fileRef = 807BAE552203515E000FA3D5 /* GridCollectionCell.swift */; };
		807BAE582203515E000FA3D5 /* GridCollectionCell.xib in Resources */ = {isa = PBXBuildFile; fileRef = 807BAE562203515E000FA3D5 /* GridCollectionCell.xib */; };
		807BAE5C220351C1000FA3D5 /* CollectionViewCell.swift in Sources */ = {isa = PBXBuildFile; fileRef = 807BAE5B220351C1000FA3D5 /* CollectionViewCell.swift */; };
		807BAE5F220352A9000FA3D5 /* ProfileViewController.swift in Sources */ = {isa = PBXBuildFile; fileRef = 807BAE5E220352A9000FA3D5 /* ProfileViewController.swift */; };
		807BAE6122035350000FA3D5 /* UIView+Helpers.swift in Sources */ = {isa = PBXBuildFile; fileRef = 807BAE6022035350000FA3D5 /* UIView+Helpers.swift */; };
		807BAE642203E314000FA3D5 /* ProfileViewModel.swift in Sources */ = {isa = PBXBuildFile; fileRef = 807BAE632203E314000FA3D5 /* ProfileViewModel.swift */; };
		807BAE662203E36B000FA3D5 /* SectionModel.swift in Sources */ = {isa = PBXBuildFile; fileRef = 807BAE652203E36B000FA3D5 /* SectionModel.swift */; };
		807BAE682203E82B000FA3D5 /* UICollectionView+Helper.swift in Sources */ = {isa = PBXBuildFile; fileRef = 807BAE672203E82B000FA3D5 /* UICollectionView+Helper.swift */; };
		807BAE6A22040FA2000FA3D5 /* UIImageView+Helper.swift in Sources */ = {isa = PBXBuildFile; fileRef = 807BAE6922040FA2000FA3D5 /* UIImageView+Helper.swift */; };
		809C3BB42202BEF600FF7D07 /* AppDelegate.swift in Sources */ = {isa = PBXBuildFile; fileRef = 809C3BB32202BEF600FF7D07 /* AppDelegate.swift */; };
		809C3BB62202BEF600FF7D07 /* LoginViewController.swift in Sources */ = {isa = PBXBuildFile; fileRef = 809C3BB52202BEF600FF7D07 /* LoginViewController.swift */; };
		809C3BB92202BEF600FF7D07 /* Main.storyboard in Resources */ = {isa = PBXBuildFile; fileRef = 809C3BB72202BEF600FF7D07 /* Main.storyboard */; };
		809C3BBB2202BEF800FF7D07 /* Assets.xcassets in Resources */ = {isa = PBXBuildFile; fileRef = 809C3BBA2202BEF800FF7D07 /* Assets.xcassets */; };
		809C3BBE2202BEF800FF7D07 /* LaunchScreen.storyboard in Resources */ = {isa = PBXBuildFile; fileRef = 809C3BBC2202BEF800FF7D07 /* LaunchScreen.storyboard */; };
		809C3BC62202C0D100FF7D07 /* GoogleService-Info.plist in Resources */ = {isa = PBXBuildFile; fileRef = 809C3BC52202C0D100FF7D07 /* GoogleService-Info.plist */; };
		809C3BCB2202C1FE00FF7D07 /* FirebaseRemoteConfig.swift in Sources */ = {isa = PBXBuildFile; fileRef = 809C3BCA2202C1FE00FF7D07 /* FirebaseRemoteConfig.swift */; };
		809C3BCF2202F9E300FF7D07 /* Constants.swift in Sources */ = {isa = PBXBuildFile; fileRef = 809C3BCE2202F9E300FF7D07 /* Constants.swift */; };
		809C3BD12202FDAC00FF7D07 /* LoadingViewController.swift in Sources */ = {isa = PBXBuildFile; fileRef = 809C3BD02202FDAC00FF7D07 /* LoadingViewController.swift */; };
		809C3BD622034A9D00FF7D07 /* ListCollectionCell.swift in Sources */ = {isa = PBXBuildFile; fileRef = 809C3BD422034A9D00FF7D07 /* ListCollectionCell.swift */; };
		809C3BD722034A9D00FF7D07 /* ListCollectionCell.xib in Resources */ = {isa = PBXBuildFile; fileRef = 809C3BD522034A9D00FF7D07 /* ListCollectionCell.xib */; };
/* End PBXBuildFile section */

/* Begin PBXFileReference section */
		46BFDA6DA3E19656158CB6AD /* Pods_FoxCast.framework */ = {isa = PBXFileReference; explicitFileType = wrapper.framework; includeInIndex = 0; path = Pods_FoxCast.framework; sourceTree = BUILT_PRODUCTS_DIR; };
		5F08D807382C706857D5E2AF /* Pods-FoxCast.debug.xcconfig */ = {isa = PBXFileReference; includeInIndex = 1; lastKnownFileType = text.xcconfig; name = "Pods-FoxCast.debug.xcconfig"; path = "Pods/Target Support Files/Pods-FoxCast/Pods-FoxCast.debug.xcconfig"; sourceTree = "<group>"; };
		7B7EED66034CCFC6FEE184FA /* Pods-FoxCast.release.xcconfig */ = {isa = PBXFileReference; includeInIndex = 1; lastKnownFileType = text.xcconfig; name = "Pods-FoxCast.release.xcconfig"; path = "Pods/Target Support Files/Pods-FoxCast/Pods-FoxCast.release.xcconfig"; sourceTree = "<group>"; };
		807BAE552203515E000FA3D5 /* GridCollectionCell.swift */ = {isa = PBXFileReference; lastKnownFileType = sourcecode.swift; path = GridCollectionCell.swift; sourceTree = "<group>"; };
		807BAE562203515E000FA3D5 /* GridCollectionCell.xib */ = {isa = PBXFileReference; lastKnownFileType = file.xib; path = GridCollectionCell.xib; sourceTree = "<group>"; };
		807BAE5B220351C1000FA3D5 /* CollectionViewCell.swift */ = {isa = PBXFileReference; lastKnownFileType = sourcecode.swift; path = CollectionViewCell.swift; sourceTree = "<group>"; };
		807BAE5E220352A9000FA3D5 /* ProfileViewController.swift */ = {isa = PBXFileReference; lastKnownFileType = sourcecode.swift; path = ProfileViewController.swift; sourceTree = "<group>"; };
		807BAE6022035350000FA3D5 /* UIView+Helpers.swift */ = {isa = PBXFileReference; lastKnownFileType = sourcecode.swift; path = "UIView+Helpers.swift"; sourceTree = "<group>"; };
		807BAE632203E314000FA3D5 /* ProfileViewModel.swift */ = {isa = PBXFileReference; lastKnownFileType = sourcecode.swift; path = ProfileViewModel.swift; sourceTree = "<group>"; };
		807BAE652203E36B000FA3D5 /* SectionModel.swift */ = {isa = PBXFileReference; lastKnownFileType = sourcecode.swift; path = SectionModel.swift; sourceTree = "<group>"; };
		807BAE672203E82B000FA3D5 /* UICollectionView+Helper.swift */ = {isa = PBXFileReference; lastKnownFileType = sourcecode.swift; path = "UICollectionView+Helper.swift"; sourceTree = "<group>"; };
		807BAE6922040FA2000FA3D5 /* UIImageView+Helper.swift */ = {isa = PBXFileReference; lastKnownFileType = sourcecode.swift; path = "UIImageView+Helper.swift"; sourceTree = "<group>"; };
		809C3BB02202BEF600FF7D07 /* FoxCast.app */ = {isa = PBXFileReference; explicitFileType = wrapper.application; includeInIndex = 0; path = FoxCast.app; sourceTree = BUILT_PRODUCTS_DIR; };
		809C3BB32202BEF600FF7D07 /* AppDelegate.swift */ = {isa = PBXFileReference; lastKnownFileType = sourcecode.swift; path = AppDelegate.swift; sourceTree = "<group>"; };
		809C3BB52202BEF600FF7D07 /* LoginViewController.swift */ = {isa = PBXFileReference; lastKnownFileType = sourcecode.swift; path = LoginViewController.swift; sourceTree = "<group>"; };
		809C3BB82202BEF600FF7D07 /* Base */ = {isa = PBXFileReference; lastKnownFileType = file.storyboard; name = Base; path = Base.lproj/Main.storyboard; sourceTree = "<group>"; };
		809C3BBA2202BEF800FF7D07 /* Assets.xcassets */ = {isa = PBXFileReference; lastKnownFileType = folder.assetcatalog; path = Assets.xcassets; sourceTree = "<group>"; };
		809C3BBD2202BEF800FF7D07 /* Base */ = {isa = PBXFileReference; lastKnownFileType = file.storyboard; name = Base; path = Base.lproj/LaunchScreen.storyboard; sourceTree = "<group>"; };
		809C3BBF2202BEF800FF7D07 /* Info.plist */ = {isa = PBXFileReference; lastKnownFileType = text.plist.xml; path = Info.plist; sourceTree = "<group>"; };
		809C3BC52202C0D100FF7D07 /* GoogleService-Info.plist */ = {isa = PBXFileReference; fileEncoding = 4; lastKnownFileType = text.plist.xml; path = "GoogleService-Info.plist"; sourceTree = "<group>"; };
		809C3BCA2202C1FE00FF7D07 /* FirebaseRemoteConfig.swift */ = {isa = PBXFileReference; lastKnownFileType = sourcecode.swift; path = FirebaseRemoteConfig.swift; sourceTree = "<group>"; };
		809C3BCE2202F9E300FF7D07 /* Constants.swift */ = {isa = PBXFileReference; lastKnownFileType = sourcecode.swift; path = Constants.swift; sourceTree = "<group>"; };
		809C3BD02202FDAC00FF7D07 /* LoadingViewController.swift */ = {isa = PBXFileReference; lastKnownFileType = sourcecode.swift; path = LoadingViewController.swift; sourceTree = "<group>"; };
		809C3BD422034A9D00FF7D07 /* ListCollectionCell.swift */ = {isa = PBXFileReference; lastKnownFileType = sourcecode.swift; path = ListCollectionCell.swift; sourceTree = "<group>"; };
		809C3BD522034A9D00FF7D07 /* ListCollectionCell.xib */ = {isa = PBXFileReference; lastKnownFileType = file.xib; path = ListCollectionCell.xib; sourceTree = "<group>"; };
/* End PBXFileReference section */

/* Begin PBXFrameworksBuildPhase section */
		809C3BAD2202BEF600FF7D07 /* Frameworks */ = {
			isa = PBXFrameworksBuildPhase;
			buildActionMask = 2147483647;
			files = (
				7DC9D21532AF5B58A8FB7B12 /* Pods_FoxCast.framework in Frameworks */,
			);
			runOnlyForDeploymentPostprocessing = 0;
		};
/* End PBXFrameworksBuildPhase section */

/* Begin PBXGroup section */
		3238137F6938B2407A55035A /* Frameworks */ = {
			isa = PBXGroup;
			children = (
				46BFDA6DA3E19656158CB6AD /* Pods_FoxCast.framework */,
			);
			name = Frameworks;
			sourceTree = "<group>";
		};
		807BAE5D22035282000FA3D5 /* Controllers */ = {
			isa = PBXGroup;
			children = (
				809C3BB52202BEF600FF7D07 /* LoginViewController.swift */,
				809C3BD02202FDAC00FF7D07 /* LoadingViewController.swift */,
				807BAE5E220352A9000FA3D5 /* ProfileViewController.swift */,
			);
			path = Controllers;
			sourceTree = "<group>";
		};
		807BAE622203E2EC000FA3D5 /* ViewModel */ = {
			isa = PBXGroup;
			children = (
				807BAE632203E314000FA3D5 /* ProfileViewModel.swift */,
			);
			path = ViewModel;
			sourceTree = "<group>";
		};
		809C3BA72202BEF600FF7D07 = {
			isa = PBXGroup;
			children = (
				809C3BB22202BEF600FF7D07 /* FoxCast */,
				809C3BB12202BEF600FF7D07 /* Products */,
				95F7A47B29CB91995E8B257A /* Pods */,
				3238137F6938B2407A55035A /* Frameworks */,
			);
			sourceTree = "<group>";
		};
		809C3BB12202BEF600FF7D07 /* Products */ = {
			isa = PBXGroup;
			children = (
				809C3BB02202BEF600FF7D07 /* FoxCast.app */,
			);
			name = Products;
			sourceTree = "<group>";
		};
		809C3BB22202BEF600FF7D07 /* FoxCast */ = {
			isa = PBXGroup;
			children = (
				809C3BD922034E6C00FF7D07 /* Helpers */,
				809C3BD322034A8200FF7D07 /* Views */,
				807BAE622203E2EC000FA3D5 /* ViewModel */,
				807BAE5D22035282000FA3D5 /* Controllers */,
				809C3BB32202BEF600FF7D07 /* AppDelegate.swift */,
				809C3BCE2202F9E300FF7D07 /* Constants.swift */,
				809C3BB72202BEF600FF7D07 /* Main.storyboard */,
				809C3BBA2202BEF800FF7D07 /* Assets.xcassets */,
				809C3BBC2202BEF800FF7D07 /* LaunchScreen.storyboard */,
				809C3BC52202C0D100FF7D07 /* GoogleService-Info.plist */,
				809C3BBF2202BEF800FF7D07 /* Info.plist */,
				809C3BC92202C1EF00FF7D07 /* Firebase */,
			);
			path = FoxCast;
			sourceTree = "<group>";
		};
		809C3BC92202C1EF00FF7D07 /* Firebase */ = {
			isa = PBXGroup;
			children = (
				809C3BCA2202C1FE00FF7D07 /* FirebaseRemoteConfig.swift */,
			);
			path = Firebase;
			sourceTree = "<group>";
		};
		809C3BD322034A8200FF7D07 /* Views */ = {
			isa = PBXGroup;
			children = (
				809C3BD422034A9D00FF7D07 /* ListCollectionCell.swift */,
				809C3BD522034A9D00FF7D07 /* ListCollectionCell.xib */,
				807BAE552203515E000FA3D5 /* GridCollectionCell.swift */,
				807BAE562203515E000FA3D5 /* GridCollectionCell.xib */,
			);
			path = Views;
			sourceTree = "<group>";
		};
		809C3BD922034E6C00FF7D07 /* Helpers */ = {
			isa = PBXGroup;
			children = (
				807BAE5B220351C1000FA3D5 /* CollectionViewCell.swift */,
				807BAE6022035350000FA3D5 /* UIView+Helpers.swift */,
				807BAE652203E36B000FA3D5 /* SectionModel.swift */,
				807BAE672203E82B000FA3D5 /* UICollectionView+Helper.swift */,
				807BAE6922040FA2000FA3D5 /* UIImageView+Helper.swift */,
			);
			path = Helpers;
			sourceTree = "<group>";
		};
		95F7A47B29CB91995E8B257A /* Pods */ = {
			isa = PBXGroup;
			children = (
				5F08D807382C706857D5E2AF /* Pods-FoxCast.debug.xcconfig */,
				7B7EED66034CCFC6FEE184FA /* Pods-FoxCast.release.xcconfig */,
			);
			name = Pods;
			sourceTree = "<group>";
		};
/* End PBXGroup section */

/* Begin PBXNativeTarget section */
		809C3BAF2202BEF600FF7D07 /* FoxCast */ = {
			isa = PBXNativeTarget;
			buildConfigurationList = 809C3BC22202BEF800FF7D07 /* Build configuration list for PBXNativeTarget "FoxCast" */;
			buildPhases = (
				14937348527DFB702A9A501C /* [CP] Check Pods Manifest.lock */,
				809C3BAC2202BEF600FF7D07 /* Sources */,
				809C3BAD2202BEF600FF7D07 /* Frameworks */,
				809C3BAE2202BEF600FF7D07 /* Resources */,
				93F0D1E481B87DFBD310C357 /* [CP] Embed Pods Frameworks */,
			);
			buildRules = (
			);
			dependencies = (
			);
			name = FoxCast;
			productName = FoxCast;
			productReference = 809C3BB02202BEF600FF7D07 /* FoxCast.app */;
			productType = "com.apple.product-type.application";
		};
/* End PBXNativeTarget section */

/* Begin PBXProject section */
		809C3BA82202BEF600FF7D07 /* Project object */ = {
			isa = PBXProject;
			attributes = {
				LastSwiftUpdateCheck = 1010;
				LastUpgradeCheck = 1010;
				ORGANIZATIONNAME = Nickelfox;
				TargetAttributes = {
					809C3BAF2202BEF600FF7D07 = {
						CreatedOnToolsVersion = 10.1;
					};
				};
			};
			buildConfigurationList = 809C3BAB2202BEF600FF7D07 /* Build configuration list for PBXProject "FoxCast" */;
			compatibilityVersion = "Xcode 9.3";
			developmentRegion = en;
			hasScannedForEncodings = 0;
			knownRegions = (
				en,
				Base,
			);
			mainGroup = 809C3BA72202BEF600FF7D07;
			productRefGroup = 809C3BB12202BEF600FF7D07 /* Products */;
			projectDirPath = "";
			projectRoot = "";
			targets = (
				809C3BAF2202BEF600FF7D07 /* FoxCast */,
			);
		};
/* End PBXProject section */

/* Begin PBXResourcesBuildPhase section */
		809C3BAE2202BEF600FF7D07 /* Resources */ = {
			isa = PBXResourcesBuildPhase;
			buildActionMask = 2147483647;
			files = (
				809C3BBE2202BEF800FF7D07 /* LaunchScreen.storyboard in Resources */,
				807BAE582203515E000FA3D5 /* GridCollectionCell.xib in Resources */,
				809C3BD722034A9D00FF7D07 /* ListCollectionCell.xib in Resources */,
				809C3BC62202C0D100FF7D07 /* GoogleService-Info.plist in Resources */,
				809C3BBB2202BEF800FF7D07 /* Assets.xcassets in Resources */,
				809C3BB92202BEF600FF7D07 /* Main.storyboard in Resources */,
			);
			runOnlyForDeploymentPostprocessing = 0;
		};
/* End PBXResourcesBuildPhase section */

/* Begin PBXShellScriptBuildPhase section */
		14937348527DFB702A9A501C /* [CP] Check Pods Manifest.lock */ = {
			isa = PBXShellScriptBuildPhase;
			buildActionMask = 2147483647;
			files = (
			);
			inputFileListPaths = (
			);
			inputPaths = (
				"${PODS_PODFILE_DIR_PATH}/Podfile.lock",
				"${PODS_ROOT}/Manifest.lock",
			);
			name = "[CP] Check Pods Manifest.lock";
			outputFileListPaths = (
			);
			outputPaths = (
				"$(DERIVED_FILE_DIR)/Pods-FoxCast-checkManifestLockResult.txt",
			);
			runOnlyForDeploymentPostprocessing = 0;
			shellPath = /bin/sh;
			shellScript = "diff \"${PODS_PODFILE_DIR_PATH}/Podfile.lock\" \"${PODS_ROOT}/Manifest.lock\" > /dev/null\nif [ $? != 0 ] ; then\n    # print error to STDERR\n    echo \"error: The sandbox is not in sync with the Podfile.lock. Run 'pod install' or update your CocoaPods installation.\" >&2\n    exit 1\nfi\n# This output is used by Xcode 'outputs' to avoid re-running this script phase.\necho \"SUCCESS\" > \"${SCRIPT_OUTPUT_FILE_0}\"\n";
			showEnvVarsInLog = 0;
		};
		93F0D1E481B87DFBD310C357 /* [CP] Embed Pods Frameworks */ = {
			isa = PBXShellScriptBuildPhase;
			buildActionMask = 2147483647;
			files = (
			);
			inputFileListPaths = (
			);
			inputPaths = (
				"${SRCROOT}/Pods/Target Support Files/Pods-FoxCast/Pods-FoxCast-frameworks.sh",
				"${BUILT_PRODUCTS_DIR}/GoogleUtilities/GoogleUtilities.framework",
				"${BUILT_PRODUCTS_DIR}/Kingfisher/Kingfisher.framework",
				"${BUILT_PRODUCTS_DIR}/Protobuf/Protobuf.framework",
				"${BUILT_PRODUCTS_DIR}/nanopb/nanopb.framework",
			);
			name = "[CP] Embed Pods Frameworks";
			outputFileListPaths = (
			);
			outputPaths = (
				"${TARGET_BUILD_DIR}/${FRAMEWORKS_FOLDER_PATH}/GoogleUtilities.framework",
				"${TARGET_BUILD_DIR}/${FRAMEWORKS_FOLDER_PATH}/Kingfisher.framework",
				"${TARGET_BUILD_DIR}/${FRAMEWORKS_FOLDER_PATH}/Protobuf.framework",
				"${TARGET_BUILD_DIR}/${FRAMEWORKS_FOLDER_PATH}/nanopb.framework",
			);
			runOnlyForDeploymentPostprocessing = 0;
			shellPath = /bin/sh;
			shellScript = "\"${SRCROOT}/Pods/Target Support Files/Pods-FoxCast/Pods-FoxCast-frameworks.sh\"\n";
			showEnvVarsInLog = 0;
		};
/* End PBXShellScriptBuildPhase section */

/* Begin PBXSourcesBuildPhase section */
		809C3BAC2202BEF600FF7D07 /* Sources */ = {
			isa = PBXSourcesBuildPhase;
			buildActionMask = 2147483647;
			files = (
				807BAE6122035350000FA3D5 /* UIView+Helpers.swift in Sources */,
				809C3BB62202BEF600FF7D07 /* LoginViewController.swift in Sources */,
				809C3BD622034A9D00FF7D07 /* ListCollectionCell.swift in Sources */,
				807BAE5C220351C1000FA3D5 /* CollectionViewCell.swift in Sources */,
				809C3BB42202BEF600FF7D07 /* AppDelegate.swift in Sources */,
				809C3BD12202FDAC00FF7D07 /* LoadingViewController.swift in Sources */,
				807BAE572203515E000FA3D5 /* GridCollectionCell.swift in Sources */,
				807BAE642203E314000FA3D5 /* ProfileViewModel.swift in Sources */,
				807BAE6A22040FA2000FA3D5 /* UIImageView+Helper.swift in Sources */,
				807BAE5F220352A9000FA3D5 /* ProfileViewController.swift in Sources */,
				809C3BCB2202C1FE00FF7D07 /* FirebaseRemoteConfig.swift in Sources */,
				809C3BCF2202F9E300FF7D07 /* Constants.swift in Sources */,
				807BAE682203E82B000FA3D5 /* UICollectionView+Helper.swift in Sources */,
				807BAE662203E36B000FA3D5 /* SectionModel.swift in Sources */,
			);
			runOnlyForDeploymentPostprocessing = 0;
		};
/* End PBXSourcesBuildPhase section */

/* Begin PBXVariantGroup section */
		809C3BB72202BEF600FF7D07 /* Main.storyboard */ = {
			isa = PBXVariantGroup;
			children = (
				809C3BB82202BEF600FF7D07 /* Base */,
			);
			name = Main.storyboard;
			sourceTree = "<group>";
		};
		809C3BBC2202BEF800FF7D07 /* LaunchScreen.storyboard */ = {
			isa = PBXVariantGroup;
			children = (
				809C3BBD2202BEF800FF7D07 /* Base */,
			);
			name = LaunchScreen.storyboard;
			sourceTree = "<group>";
		};
/* End PBXVariantGroup section */

/* Begin XCBuildConfiguration section */
		809C3BC02202BEF800FF7D07 /* Debug */ = {
			isa = XCBuildConfiguration;
			buildSettings = {
				ALWAYS_SEARCH_USER_PATHS = NO;
				CLANG_ANALYZER_NONNULL = YES;
				CLANG_ANALYZER_NUMBER_OBJECT_CONVERSION = YES_AGGRESSIVE;
				CLANG_CXX_LANGUAGE_STANDARD = "gnu++14";
				CLANG_CXX_LIBRARY = "libc++";
				CLANG_ENABLE_MODULES = YES;
				CLANG_ENABLE_OBJC_ARC = YES;
				CLANG_ENABLE_OBJC_WEAK = YES;
				CLANG_WARN_BLOCK_CAPTURE_AUTORELEASING = YES;
				CLANG_WARN_BOOL_CONVERSION = YES;
				CLANG_WARN_COMMA = YES;
				CLANG_WARN_CONSTANT_CONVERSION = YES;
				CLANG_WARN_DEPRECATED_OBJC_IMPLEMENTATIONS = YES;
				CLANG_WARN_DIRECT_OBJC_ISA_USAGE = YES_ERROR;
				CLANG_WARN_DOCUMENTATION_COMMENTS = YES;
				CLANG_WARN_EMPTY_BODY = YES;
				CLANG_WARN_ENUM_CONVERSION = YES;
				CLANG_WARN_INFINITE_RECURSION = YES;
				CLANG_WARN_INT_CONVERSION = YES;
				CLANG_WARN_NON_LITERAL_NULL_CONVERSION = YES;
				CLANG_WARN_OBJC_IMPLICIT_RETAIN_SELF = YES;
				CLANG_WARN_OBJC_LITERAL_CONVERSION = YES;
				CLANG_WARN_OBJC_ROOT_CLASS = YES_ERROR;
				CLANG_WARN_RANGE_LOOP_ANALYSIS = YES;
				CLANG_WARN_STRICT_PROTOTYPES = YES;
				CLANG_WARN_SUSPICIOUS_MOVE = YES;
				CLANG_WARN_UNGUARDED_AVAILABILITY = YES_AGGRESSIVE;
				CLANG_WARN_UNREACHABLE_CODE = YES;
				CLANG_WARN__DUPLICATE_METHOD_MATCH = YES;
				CODE_SIGN_IDENTITY = "iPhone Developer";
				COPY_PHASE_STRIP = NO;
				DEBUG_INFORMATION_FORMAT = dwarf;
				ENABLE_STRICT_OBJC_MSGSEND = YES;
				ENABLE_TESTABILITY = YES;
				GCC_C_LANGUAGE_STANDARD = gnu11;
				GCC_DYNAMIC_NO_PIC = NO;
				GCC_NO_COMMON_BLOCKS = YES;
				GCC_OPTIMIZATION_LEVEL = 0;
				GCC_PREPROCESSOR_DEFINITIONS = (
					"DEBUG=1",
					"$(inherited)",
				);
				GCC_WARN_64_TO_32_BIT_CONVERSION = YES;
				GCC_WARN_ABOUT_RETURN_TYPE = YES_ERROR;
				GCC_WARN_UNDECLARED_SELECTOR = YES;
				GCC_WARN_UNINITIALIZED_AUTOS = YES_AGGRESSIVE;
				GCC_WARN_UNUSED_FUNCTION = YES;
				GCC_WARN_UNUSED_VARIABLE = YES;
				IPHONEOS_DEPLOYMENT_TARGET = 12.1;
				MTL_ENABLE_DEBUG_INFO = INCLUDE_SOURCE;
				MTL_FAST_MATH = YES;
				ONLY_ACTIVE_ARCH = YES;
				SDKROOT = iphoneos;
				SWIFT_ACTIVE_COMPILATION_CONDITIONS = DEBUG;
				SWIFT_OPTIMIZATION_LEVEL = "-Onone";
			};
			name = Debug;
		};
		809C3BC12202BEF800FF7D07 /* Release */ = {
			isa = XCBuildConfiguration;
			buildSettings = {
				ALWAYS_SEARCH_USER_PATHS = NO;
				CLANG_ANALYZER_NONNULL = YES;
				CLANG_ANALYZER_NUMBER_OBJECT_CONVERSION = YES_AGGRESSIVE;
				CLANG_CXX_LANGUAGE_STANDARD = "gnu++14";
				CLANG_CXX_LIBRARY = "libc++";
				CLANG_ENABLE_MODULES = YES;
				CLANG_ENABLE_OBJC_ARC = YES;
				CLANG_ENABLE_OBJC_WEAK = YES;
				CLANG_WARN_BLOCK_CAPTURE_AUTORELEASING = YES;
				CLANG_WARN_BOOL_CONVERSION = YES;
				CLANG_WARN_COMMA = YES;
				CLANG_WARN_CONSTANT_CONVERSION = YES;
				CLANG_WARN_DEPRECATED_OBJC_IMPLEMENTATIONS = YES;
				CLANG_WARN_DIRECT_OBJC_ISA_USAGE = YES_ERROR;
				CLANG_WARN_DOCUMENTATION_COMMENTS = YES;
				CLANG_WARN_EMPTY_BODY = YES;
				CLANG_WARN_ENUM_CONVERSION = YES;
				CLANG_WARN_INFINITE_RECURSION = YES;
				CLANG_WARN_INT_CONVERSION = YES;
				CLANG_WARN_NON_LITERAL_NULL_CONVERSION = YES;
				CLANG_WARN_OBJC_IMPLICIT_RETAIN_SELF = YES;
				CLANG_WARN_OBJC_LITERAL_CONVERSION = YES;
				CLANG_WARN_OBJC_ROOT_CLASS = YES_ERROR;
				CLANG_WARN_RANGE_LOOP_ANALYSIS = YES;
				CLANG_WARN_STRICT_PROTOTYPES = YES;
				CLANG_WARN_SUSPICIOUS_MOVE = YES;
				CLANG_WARN_UNGUARDED_AVAILABILITY = YES_AGGRESSIVE;
				CLANG_WARN_UNREACHABLE_CODE = YES;
				CLANG_WARN__DUPLICATE_METHOD_MATCH = YES;
				CODE_SIGN_IDENTITY = "iPhone Developer";
				COPY_PHASE_STRIP = NO;
				DEBUG_INFORMATION_FORMAT = "dwarf-with-dsym";
				ENABLE_NS_ASSERTIONS = NO;
				ENABLE_STRICT_OBJC_MSGSEND = YES;
				GCC_C_LANGUAGE_STANDARD = gnu11;
				GCC_NO_COMMON_BLOCKS = YES;
				GCC_WARN_64_TO_32_BIT_CONVERSION = YES;
				GCC_WARN_ABOUT_RETURN_TYPE = YES_ERROR;
				GCC_WARN_UNDECLARED_SELECTOR = YES;
				GCC_WARN_UNINITIALIZED_AUTOS = YES_AGGRESSIVE;
				GCC_WARN_UNUSED_FUNCTION = YES;
				GCC_WARN_UNUSED_VARIABLE = YES;
				IPHONEOS_DEPLOYMENT_TARGET = 12.1;
				MTL_ENABLE_DEBUG_INFO = NO;
				MTL_FAST_MATH = YES;
				SDKROOT = iphoneos;
				SWIFT_COMPILATION_MODE = wholemodule;
				SWIFT_OPTIMIZATION_LEVEL = "-O";
				VALIDATE_PRODUCT = YES;
			};
			name = Release;
		};
		809C3BC32202BEF800FF7D07 /* Debug */ = {
			isa = XCBuildConfiguration;
			baseConfigurationReference = 5F08D807382C706857D5E2AF /* Pods-FoxCast.debug.xcconfig */;
			buildSettings = {
				ASSETCATALOG_COMPILER_APPICON_NAME = AppIcon;
				CODE_SIGN_STYLE = Automatic;
				DEVELOPMENT_TEAM = STRYF8536N;
				INFOPLIST_FILE = FoxCast/Info.plist;
				LD_RUNPATH_SEARCH_PATHS = (
					"$(inherited)",
					"@executable_path/Frameworks",
				);
				PRODUCT_BUNDLE_IDENTIFIER = com.nickelfox.FoxCast;
				PRODUCT_NAME = "$(TARGET_NAME)";
				SWIFT_VERSION = 4.2;
				TARGETED_DEVICE_FAMILY = "1,2";
			};
			name = Debug;
		};
		809C3BC42202BEF800FF7D07 /* Release */ = {
			isa = XCBuildConfiguration;
			baseConfigurationReference = 7B7EED66034CCFC6FEE184FA /* Pods-FoxCast.release.xcconfig */;
			buildSettings = {
				ASSETCATALOG_COMPILER_APPICON_NAME = AppIcon;
				CODE_SIGN_STYLE = Automatic;
				DEVELOPMENT_TEAM = STRYF8536N;
				INFOPLIST_FILE = FoxCast/Info.plist;
				LD_RUNPATH_SEARCH_PATHS = (
					"$(inherited)",
					"@executable_path/Frameworks",
				);
				PRODUCT_BUNDLE_IDENTIFIER = com.nickelfox.FoxCast;
				PRODUCT_NAME = "$(TARGET_NAME)";
				SWIFT_VERSION = 4.2;
				TARGETED_DEVICE_FAMILY = "1,2";
			};
			name = Release;
		};
/* End XCBuildConfiguration section */

/* Begin XCConfigurationList section */
		809C3BAB2202BEF600FF7D07 /* Build configuration list for PBXProject "FoxCast" */ = {
			isa = XCConfigurationList;
			buildConfigurations = (
				809C3BC02202BEF800FF7D07 /* Debug */,
				809C3BC12202BEF800FF7D07 /* Release */,
			);
			defaultConfigurationIsVisible = 0;
			defaultConfigurationName = Release;
		};
		809C3BC22202BEF800FF7D07 /* Build configuration list for PBXNativeTarget "FoxCast" */ = {
			isa = XCConfigurationList;
			buildConfigurations = (
				809C3BC32202BEF800FF7D07 /* Debug */,
				809C3BC42202BEF800FF7D07 /* Release */,
			);
			defaultConfigurationIsVisible = 0;
			defaultConfigurationName = Release;
		};
/* End XCConfigurationList section */
	};
	rootObject = 809C3BA82202BEF600FF7D07 /* Project object */;
}
